schema: '2.0'
stages:
  extract_data:
    cmd:
    - mkdir -p data/raw_data/test
    - mkdir -p data/raw_data/train
    - python3 notebooks/extract_data.py
    deps:
    - path: notebooks/extract_data.py
      md5: 7adac2479534d88264a20977d6c747b9
      size: 516
    outs:
    - path: data/raw_data/test/test.parquet
      md5: 7f4d7495115c0cd75493a9529c00789c
      size: 5757331
    - path: data/raw_data/train/train.parquet
      md5: 3096b00c60998cd7a3e1a14c3f68c16a
      size: 23043103
  prepare:
    cmd:
    - mkdir -p data/prepared_data/test
    - mkdir -p data/prepared_data/train
    - python3 notebooks/prepare.py data/raw_data/test data/raw_data/train
    deps:
    - path: data/raw_data/test/test.parquet
      md5: 7f4d7495115c0cd75493a9529c00789c
      size: 5757331
    - path: data/raw_data/train/train.parquet
      md5: 3096b00c60998cd7a3e1a14c3f68c16a
      size: 23043103
    - path: notebooks/prepare.py
      md5: 18cf812aaf0aede66a19390b86b2a42a
      size: 3545
    outs:
    - path: data/prepared_data/test/test.pkl
      md5: ff2864fd1da925a01140309eb000f84d
      size: 257311326
    - path: data/prepared_data/train/train.pkl
      md5: af63b32a7e316c8700d0aa91aa2d965f
      size: 1029245479
